lockfileVersion: '6.1'

settings:
  autoInstallPeers: true
  excludeLinksFromLockfile: false

dependencies:
  node-fetch-native:
    specifier: ^1.4.1
    version: 1.4.1

packages:

  /node-fetch-native@1.4.1:
    resolution: {integrity: sha512-NsXBU0UgBxo2rQLOeWNZqS3fvflWePMECr8CoSWoSTqCqGbVVsvl9vZu1HfQicYN0g5piV9Gh8RTEvo/uP752w==}
    dev: false
